
Microsoft Visual Studio Solution File, Format Version 12.00
# Visual Studio 15
VisualStudioVersion = 15.0.28307.1145
MinimumVisualStudioVersion = 10.0.40219.1
Project("{FAE04EC0-301F-11D3-BF4B-00C04F79EFBC}") = "CalendarEmitter", "CalendarEmitter\CalendarEmitter.csproj", "{00603001-E0D8-4C20-940E-70016134A740}"
EndProject
Project("{FAE04EC0-301F-11D3-BF4B-00C04F79EFBC}") = "Client", "Client\Client.csproj", "{9ECC973B-1053-4F28-9B2C-7FB5DC004928}"
EndProject
Global
	GlobalSection(SolutionConfigurationPlatforms) = preSolution
		Debug|Any CPU = Debug|Any CPU
		Release|Any CPU = Release|Any CPU
	EndGlobalSection
	GlobalSection(ProjectConfigurationPlatforms) = postSolution
		{00603001-E0D8-4C20-940E-70016134A740}.Debug|Any CPU.ActiveCfg = Debug|Any CPU
		{00603001-E0D8-4C20-940E-70016134A740}.Debug|Any CPU.Build.0 = Debug|Any CPU
		{00603001-E0D8-4C20-940E-70016134A740}.Release|Any CPU.ActiveCfg = Release|Any CPU
		{00603001-E0D8-4C20-940E-70016134A740}.Release|Any CPU.Build.0 = Release|Any CPU
		{9ECC973B-1053-4F28-9B2C-7FB5DC004928}.Debug|Any CPU.ActiveCfg = Debug|Any CPU
		{9ECC973B-1053-4F28-9B2C-7FB5DC004928}.Debug|Any CPU.Build.0 = Debug|Any CPU
		{9ECC973B-1053-4F28-9B2C-7FB5DC004928}.Release|Any CPU.ActiveCfg = Release|Any CPU
		{9ECC973B-1053-4F28-9B2C-7FB5DC004928}.Release|Any CPU.Build.0 = Release|Any CPU
	EndGlobalSection
	GlobalSection(SolutionProperties) = preSolution
		HideSolutionNode = FALSE
	EndGlobalSection
	GlobalSection(ExtensibilityGlobals) = postSolution
		SolutionGuid = {1ECE82CF-02B6-4BFB-ADF7-71A460B5D257}
	EndGlobalSection
EndGlobal
